
Microsoft Visual Studio Solution File, Format Version 12.00
# Visual Studio Version 16
VisualStudioVersion = 16.0.29020.237
MinimumVisualStudioVersion = 10.0.40219.1
Project("{FAE04EC0-301F-11D3-BF4B-00C04F79EFBC}") = "WpfApp_practice", "WpfApp_practice\WpfApp_practice.csproj", "{D65D4044-9FCC-4008-B6B7-D7CA3F83383C}"
EndProject
Project("{FAE04EC0-301F-11D3-BF4B-00C04F79EFBC}") = "WpfApp_practice1", "WpfApp_practice1\WpfApp_practice1.csproj", "{16150CFC-4A55-4DFD-8487-265CD49B1194}"
EndProject
Project("{FAE04EC0-301F-11D3-BF4B-00C04F79EFBC}") = "DepedProp", "DepedencyProperty\DepedProp.csproj", "{3CC38443-9FAD-49E7-BC28-C18B591E3F60}"
EndProject
Project("{FAE04EC0-301F-11D3-BF4B-00C04F79EFBC}") = "WpfTask1", "WpfTask1\WpfTask1.csproj", "{60949DF1-4193-424A-AD0A-0A297BEA6F9E}"
EndProject
Project("{FAE04EC0-301F-11D3-BF4B-00C04F79EFBC}") = "MyMessageBox", "MyMessageBox\MyMessageBox.csproj", "{68E8B1DC-76E6-41B6-9FE4-386B05EB5C9D}"
EndProject
Project("{FAE04EC0-301F-11D3-BF4B-00C04F79EFBC}") = "YourApp", "YourApp\YourApp.csproj", "{99A83D57-79FD-4AE7-8A1E-FAB2D1881B2E}"
EndProject
Project("{FAE04EC0-301F-11D3-BF4B-00C04F79EFBC}") = "MultiTrigger", "44444\MultiTrigger.csproj", "{0730718D-BBAB-40EF-87EF-993A006280AA}"
EndProject
Project("{FAE04EC0-301F-11D3-BF4B-00C04F79EFBC}") = "EventTrigger", "55555\EventTrigger.csproj", "{1DC19115-14DF-47BD-B6C7-407FC2CCBE3B}"
EndProject
Project("{FAE04EC0-301F-11D3-BF4B-00C04F79EFBC}") = "WpfApp1EventTrigger", "WpfApp1EventTrigger\WpfApp1EventTrigger.csproj", "{00DD6281-49F3-47A8-9F45-CE5E193FFF85}"
EndProject
Project("{FAE04EC0-301F-11D3-BF4B-00C04F79EFBC}") = "DataTrigger", "DataTrigger\DataTrigger.csproj", "{9E3E1518-604C-4A98-AEFC-497D4133388E}"
EndProject
Project("{FAE04EC0-301F-11D3-BF4B-00C04F79EFBC}") = "Theme", "Theme\Theme.csproj", "{B54687B9-6466-49F8-87A6-867DDFACD4A1}"
EndProject
Project("{FAE04EC0-301F-11D3-BF4B-00C04F79EFBC}") = "Binding", "Binding\Binding.csproj", "{1FA1D439-2F9A-4E53-B72C-A017FFB65EF4}"
EndProject
Project("{FAE04EC0-301F-11D3-BF4B-00C04F79EFBC}") = "resourses", "resourses\resourses.csproj", "{B60156FF-78D1-4685-A4FD-BBB427326144}"
EndProject
Global
	GlobalSection(SolutionConfigurationPlatforms) = preSolution
		Debug|Any CPU = Debug|Any CPU
		Release|Any CPU = Release|Any CPU
	EndGlobalSection
	GlobalSection(ProjectConfigurationPlatforms) = postSolution
		{D65D4044-9FCC-4008-B6B7-D7CA3F83383C}.Debug|Any CPU.ActiveCfg = Debug|Any CPU
		{D65D4044-9FCC-4008-B6B7-D7CA3F83383C}.Debug|Any CPU.Build.0 = Debug|Any CPU
		{D65D4044-9FCC-4008-B6B7-D7CA3F83383C}.Release|Any CPU.ActiveCfg = Release|Any CPU
		{D65D4044-9FCC-4008-B6B7-D7CA3F83383C}.Release|Any CPU.Build.0 = Release|Any CPU
		{16150CFC-4A55-4DFD-8487-265CD49B1194}.Debug|Any CPU.ActiveCfg = Debug|Any CPU
		{16150CFC-4A55-4DFD-8487-265CD49B1194}.Debug|Any CPU.Build.0 = Debug|Any CPU
		{16150CFC-4A55-4DFD-8487-265CD49B1194}.Release|Any CPU.ActiveCfg = Release|Any CPU
		{16150CFC-4A55-4DFD-8487-265CD49B1194}.Release|Any CPU.Build.0 = Release|Any CPU
		{3CC38443-9FAD-49E7-BC28-C18B591E3F60}.Debug|Any CPU.ActiveCfg = Debug|Any CPU
		{3CC38443-9FAD-49E7-BC28-C18B591E3F60}.Debug|Any CPU.Build.0 = Debug|Any CPU
		{3CC38443-9FAD-49E7-BC28-C18B591E3F60}.Release|Any CPU.ActiveCfg = Release|Any CPU
		{3CC38443-9FAD-49E7-BC28-C18B591E3F60}.Release|Any CPU.Build.0 = Release|Any CPU
		{60949DF1-4193-424A-AD0A-0A297BEA6F9E}.Debug|Any CPU.ActiveCfg = Debug|Any CPU
		{60949DF1-4193-424A-AD0A-0A297BEA6F9E}.Debug|Any CPU.Build.0 = Debug|Any CPU
		{60949DF1-4193-424A-AD0A-0A297BEA6F9E}.Release|Any CPU.ActiveCfg = Release|Any CPU
		{60949DF1-4193-424A-AD0A-0A297BEA6F9E}.Release|Any CPU.Build.0 = Release|Any CPU
		{68E8B1DC-76E6-41B6-9FE4-386B05EB5C9D}.Debug|Any CPU.ActiveCfg = Debug|Any CPU
		{68E8B1DC-76E6-41B6-9FE4-386B05EB5C9D}.Debug|Any CPU.Build.0 = Debug|Any CPU
		{68E8B1DC-76E6-41B6-9FE4-386B05EB5C9D}.Release|Any CPU.ActiveCfg = Release|Any CPU
		{68E8B1DC-76E6-41B6-9FE4-386B05EB5C9D}.Release|Any CPU.Build.0 = Release|Any CPU
		{99A83D57-79FD-4AE7-8A1E-FAB2D1881B2E}.Debug|Any CPU.ActiveCfg = Debug|Any CPU
		{99A83D57-79FD-4AE7-8A1E-FAB2D1881B2E}.Debug|Any CPU.Build.0 = Debug|Any CPU
		{99A83D57-79FD-4AE7-8A1E-FAB2D1881B2E}.Release|Any CPU.ActiveCfg = Release|Any CPU
		{99A83D57-79FD-4AE7-8A1E-FAB2D1881B2E}.Release|Any CPU.Build.0 = Release|Any CPU
		{0730718D-BBAB-40EF-87EF-993A006280AA}.Debug|Any CPU.ActiveCfg = Debug|Any CPU
		{0730718D-BBAB-40EF-87EF-993A006280AA}.Debug|Any CPU.Build.0 = Debug|Any CPU
		{0730718D-BBAB-40EF-87EF-993A006280AA}.Release|Any CPU.ActiveCfg = Release|Any CPU
		{0730718D-BBAB-40EF-87EF-993A006280AA}.Release|Any CPU.Build.0 = Release|Any CPU
		{1DC19115-14DF-47BD-B6C7-407FC2CCBE3B}.Debug|Any CPU.ActiveCfg = Debug|Any CPU
		{1DC19115-14DF-47BD-B6C7-407FC2CCBE3B}.Debug|Any CPU.Build.0 = Debug|Any CPU
		{1DC19115-14DF-47BD-B6C7-407FC2CCBE3B}.Release|Any CPU.ActiveCfg = Release|Any CPU
		{1DC19115-14DF-47BD-B6C7-407FC2CCBE3B}.Release|Any CPU.Build.0 = Release|Any CPU
		{00DD6281-49F3-47A8-9F45-CE5E193FFF85}.Debug|Any CPU.ActiveCfg = Debug|Any CPU
		{00DD6281-49F3-47A8-9F45-CE5E193FFF85}.Debug|Any CPU.Build.0 = Debug|Any CPU
		{00DD6281-49F3-47A8-9F45-CE5E193FFF85}.Release|Any CPU.ActiveCfg = Release|Any CPU
		{00DD6281-49F3-47A8-9F45-CE5E193FFF85}.Release|Any CPU.Build.0 = Release|Any CPU
		{9E3E1518-604C-4A98-AEFC-497D4133388E}.Debug|Any CPU.ActiveCfg = Debug|Any CPU
		{9E3E1518-604C-4A98-AEFC-497D4133388E}.Debug|Any CPU.Build.0 = Debug|Any CPU
		{9E3E1518-604C-4A98-AEFC-497D4133388E}.Release|Any CPU.ActiveCfg = Release|Any CPU
		{9E3E1518-604C-4A98-AEFC-497D4133388E}.Release|Any CPU.Build.0 = Release|Any CPU
		{B54687B9-6466-49F8-87A6-867DDFACD4A1}.Debug|Any CPU.ActiveCfg = Debug|Any CPU
		{B54687B9-6466-49F8-87A6-867DDFACD4A1}.Debug|Any CPU.Build.0 = Debug|Any CPU
		{B54687B9-6466-49F8-87A6-867DDFACD4A1}.Release|Any CPU.ActiveCfg = Release|Any CPU
		{B54687B9-6466-49F8-87A6-867DDFACD4A1}.Release|Any CPU.Build.0 = Release|Any CPU
		{1FA1D439-2F9A-4E53-B72C-A017FFB65EF4}.Debug|Any CPU.ActiveCfg = Debug|Any CPU
		{1FA1D439-2F9A-4E53-B72C-A017FFB65EF4}.Debug|Any CPU.Build.0 = Debug|Any CPU
		{1FA1D439-2F9A-4E53-B72C-A017FFB65EF4}.Release|Any CPU.ActiveCfg = Release|Any CPU
		{1FA1D439-2F9A-4E53-B72C-A017FFB65EF4}.Release|Any CPU.Build.0 = Release|Any CPU
		{B60156FF-78D1-4685-A4FD-BBB427326144}.Debug|Any CPU.ActiveCfg = Debug|Any CPU
		{B60156FF-78D1-4685-A4FD-BBB427326144}.Debug|Any CPU.Build.0 = Debug|Any CPU
		{B60156FF-78D1-4685-A4FD-BBB427326144}.Release|Any CPU.ActiveCfg = Release|Any CPU
		{B60156FF-78D1-4685-A4FD-BBB427326144}.Release|Any CPU.Build.0 = Release|Any CPU
	EndGlobalSection
	GlobalSection(SolutionProperties) = preSolution
		HideSolutionNode = FALSE
	EndGlobalSection
	GlobalSection(ExtensibilityGlobals) = postSolution
		SolutionGuid = {8B28A16B-B793-47E5-817B-EEEF0E67A09F}
	EndGlobalSection
EndGlobal
