
Microsoft Visual Studio Solution File, Format Version 12.00
# Visual Studio 15
VisualStudioVersion = 15.0.28307.136
MinimumVisualStudioVersion = 10.0.40219.1
Project("{FAE04EC0-301F-11D3-BF4B-00C04F79EFBC}") = "WpfApp_practice", "WpfApp_practice\WpfApp_practice.csproj", "{D65D4044-9FCC-4008-B6B7-D7CA3F83383C}"
EndProject
Project("{FAE04EC0-301F-11D3-BF4B-00C04F79EFBC}") = "WpfApp_practice1", "WpfApp_practice1\WpfApp_practice1.csproj", "{16150CFC-4A55-4DFD-8487-265CD49B1194}"
EndProject
Project("{FAE04EC0-301F-11D3-BF4B-00C04F79EFBC}") = "DepedProp", "DepedencyProperty\DepedProp.csproj", "{3CC38443-9FAD-49E7-BC28-C18B591E3F60}"
EndProject
Global
	GlobalSection(SolutionConfigurationPlatforms) = preSolution
		Debug|Any CPU = Debug|Any CPU
		Release|Any CPU = Release|Any CPU
	EndGlobalSection
	GlobalSection(ProjectConfigurationPlatforms) = postSolution
		{D65D4044-9FCC-4008-B6B7-D7CA3F83383C}.Debug|Any CPU.ActiveCfg = Debug|Any CPU
		{D65D4044-9FCC-4008-B6B7-D7CA3F83383C}.Debug|Any CPU.Build.0 = Debug|Any CPU
		{D65D4044-9FCC-4008-B6B7-D7CA3F83383C}.Release|Any CPU.ActiveCfg = Release|Any CPU
		{D65D4044-9FCC-4008-B6B7-D7CA3F83383C}.Release|Any CPU.Build.0 = Release|Any CPU
		{16150CFC-4A55-4DFD-8487-265CD49B1194}.Debug|Any CPU.ActiveCfg = Debug|Any CPU
		{16150CFC-4A55-4DFD-8487-265CD49B1194}.Debug|Any CPU.Build.0 = Debug|Any CPU
		{16150CFC-4A55-4DFD-8487-265CD49B1194}.Release|Any CPU.ActiveCfg = Release|Any CPU
		{16150CFC-4A55-4DFD-8487-265CD49B1194}.Release|Any CPU.Build.0 = Release|Any CPU
		{3CC38443-9FAD-49E7-BC28-C18B591E3F60}.Debug|Any CPU.ActiveCfg = Debug|Any CPU
		{3CC38443-9FAD-49E7-BC28-C18B591E3F60}.Debug|Any CPU.Build.0 = Debug|Any CPU
		{3CC38443-9FAD-49E7-BC28-C18B591E3F60}.Release|Any CPU.ActiveCfg = Release|Any CPU
		{3CC38443-9FAD-49E7-BC28-C18B591E3F60}.Release|Any CPU.Build.0 = Release|Any CPU
	EndGlobalSection
	GlobalSection(SolutionProperties) = preSolution
		HideSolutionNode = FALSE
	EndGlobalSection
	GlobalSection(ExtensibilityGlobals) = postSolution
		SolutionGuid = {8B28A16B-B793-47E5-817B-EEEF0E67A09F}
	EndGlobalSection
EndGlobal
